// !$*UTF8*$!
{
	archiveVersion = 1;
	classes = {
	};
	objectVersion = 56;
	objects = {

/* Begin PBXBuildFile section */
		6B93AF47E4E44EE974393F82 /* Pods_AlyciaApp.framework in Frameworks */ = {isa = PBXBuildFile; fileRef = 574446D2556948EEC501696B /* Pods_AlyciaApp.framework */; };
		AD024DB12AC428EE00833BFB /* UserListViewController.swift in Sources */ = {isa = PBXBuildFile; fileRef = AD024DB02AC428EE00833BFB /* UserListViewController.swift */; };
		AD024DB32AC4292200833BFB /* UserDetailViewController.swift in Sources */ = {isa = PBXBuildFile; fileRef = AD024DB22AC4292200833BFB /* UserDetailViewController.swift */; };
		AD024DB52AC56B1600833BFB /* AlyciaViewController.swift in Sources */ = {isa = PBXBuildFile; fileRef = AD024DB42AC56B1600833BFB /* AlyciaViewController.swift */; };
		AD1E12122AC3D2D300BD429D /* AppDelegate.swift in Sources */ = {isa = PBXBuildFile; fileRef = AD1E12112AC3D2D300BD429D /* AppDelegate.swift */; };
		AD1E12142AC3D2D300BD429D /* SceneDelegate.swift in Sources */ = {isa = PBXBuildFile; fileRef = AD1E12132AC3D2D300BD429D /* SceneDelegate.swift */; };
		AD1E12162AC3D2D300BD429D /* ViewController.swift in Sources */ = {isa = PBXBuildFile; fileRef = AD1E12152AC3D2D300BD429D /* ViewController.swift */; };
		AD1E12192AC3D2D300BD429D /* Main.storyboard in Resources */ = {isa = PBXBuildFile; fileRef = AD1E12172AC3D2D300BD429D /* Main.storyboard */; };
		AD1E121B2AC3D2D400BD429D /* Assets.xcassets in Resources */ = {isa = PBXBuildFile; fileRef = AD1E121A2AC3D2D400BD429D /* Assets.xcassets */; };
		AD1E121E2AC3D2D400BD429D /* LaunchScreen.storyboard in Resources */ = {isa = PBXBuildFile; fileRef = AD1E121C2AC3D2D400BD429D /* LaunchScreen.storyboard */; };
/* End PBXBuildFile section */

/* Begin PBXFileReference section */
		20AB3320B26C96C9225A5AC6 /* Pods-AlyciaApp.debug.xcconfig */ = {isa = PBXFileReference; includeInIndex = 1; lastKnownFileType = text.xcconfig; name = "Pods-AlyciaApp.debug.xcconfig"; path = "Target Support Files/Pods-AlyciaApp/Pods-AlyciaApp.debug.xcconfig"; sourceTree = "<group>"; };
		2623D89BCAD33316BED6B7BF /* Pods-AlyciaApp.release.xcconfig */ = {isa = PBXFileReference; includeInIndex = 1; lastKnownFileType = text.xcconfig; name = "Pods-AlyciaApp.release.xcconfig"; path = "Target Support Files/Pods-AlyciaApp/Pods-AlyciaApp.release.xcconfig"; sourceTree = "<group>"; };
		574446D2556948EEC501696B /* Pods_AlyciaApp.framework */ = {isa = PBXFileReference; explicitFileType = wrapper.framework; includeInIndex = 0; path = Pods_AlyciaApp.framework; sourceTree = BUILT_PRODUCTS_DIR; };
		AD024DB02AC428EE00833BFB /* UserListViewController.swift */ = {isa = PBXFileReference; lastKnownFileType = sourcecode.swift; path = UserListViewController.swift; sourceTree = "<group>"; };
		AD024DB22AC4292200833BFB /* UserDetailViewController.swift */ = {isa = PBXFileReference; lastKnownFileType = sourcecode.swift; path = UserDetailViewController.swift; sourceTree = "<group>"; };
		AD024DB42AC56B1600833BFB /* AlyciaViewController.swift */ = {isa = PBXFileReference; lastKnownFileType = sourcecode.swift; path = AlyciaViewController.swift; sourceTree = "<group>"; };
		AD1E120E2AC3D2D300BD429D /* AlyciaApp.app */ = {isa = PBXFileReference; explicitFileType = wrapper.application; includeInIndex = 0; path = AlyciaApp.app; sourceTree = BUILT_PRODUCTS_DIR; };
		AD1E12112AC3D2D300BD429D /* AppDelegate.swift */ = {isa = PBXFileReference; lastKnownFileType = sourcecode.swift; path = AppDelegate.swift; sourceTree = "<group>"; };
		AD1E12132AC3D2D300BD429D /* SceneDelegate.swift */ = {isa = PBXFileReference; lastKnownFileType = sourcecode.swift; path = SceneDelegate.swift; sourceTree = "<group>"; };
		AD1E12152AC3D2D300BD429D /* ViewController.swift */ = {isa = PBXFileReference; lastKnownFileType = sourcecode.swift; path = ViewController.swift; sourceTree = "<group>"; };
		AD1E12182AC3D2D300BD429D /* Base */ = {isa = PBXFileReference; lastKnownFileType = file.storyboard; name = Base; path = Base.lproj/Main.storyboard; sourceTree = "<group>"; };
		AD1E121A2AC3D2D400BD429D /* Assets.xcassets */ = {isa = PBXFileReference; lastKnownFileType = folder.assetcatalog; path = Assets.xcassets; sourceTree = "<group>"; };
		AD1E121D2AC3D2D400BD429D /* Base */ = {isa = PBXFileReference; lastKnownFileType = file.storyboard; name = Base; path = Base.lproj/LaunchScreen.storyboard; sourceTree = "<group>"; };
		AD1E121F2AC3D2D400BD429D /* Info.plist */ = {isa = PBXFileReference; lastKnownFileType = text.plist.xml; path = Info.plist; sourceTree = "<group>"; };
/* End PBXFileReference section */

/* Begin PBXFrameworksBuildPhase section */
		AD1E120B2AC3D2D300BD429D /* Frameworks */ = {
			isa = PBXFrameworksBuildPhase;
			buildActionMask = 2147483647;
			files = (
				6B93AF47E4E44EE974393F82 /* Pods_AlyciaApp.framework in Frameworks */,
			);
			runOnlyForDeploymentPostprocessing = 0;
		};
/* End PBXFrameworksBuildPhase section */

/* Begin PBXGroup section */
		19B6E074DD4F9B1FBC6340E9 /* Frameworks */ = {
			isa = PBXGroup;
			children = (
				574446D2556948EEC501696B /* Pods_AlyciaApp.framework */,
			);
			name = Frameworks;
			sourceTree = "<group>";
		};
		37463A405E53CF90D1F09475 /* Pods */ = {
			isa = PBXGroup;
			children = (
				20AB3320B26C96C9225A5AC6 /* Pods-AlyciaApp.debug.xcconfig */,
				2623D89BCAD33316BED6B7BF /* Pods-AlyciaApp.release.xcconfig */,
			);
			path = Pods;
			sourceTree = "<group>";
		};
		AD1E12052AC3D2D300BD429D = {
			isa = PBXGroup;
			children = (
				AD1E12102AC3D2D300BD429D /* AlyciaApp */,
				AD1E120F2AC3D2D300BD429D /* Products */,
				37463A405E53CF90D1F09475 /* Pods */,
				19B6E074DD4F9B1FBC6340E9 /* Frameworks */,
			);
			sourceTree = "<group>";
		};
		AD1E120F2AC3D2D300BD429D /* Products */ = {
			isa = PBXGroup;
			children = (
				AD1E120E2AC3D2D300BD429D /* AlyciaApp.app */,
			);
			name = Products;
			sourceTree = "<group>";
		};
		AD1E12102AC3D2D300BD429D /* AlyciaApp */ = {
			isa = PBXGroup;
			children = (
				AD1E12112AC3D2D300BD429D /* AppDelegate.swift */,
				AD1E12132AC3D2D300BD429D /* SceneDelegate.swift */,
				AD1E12152AC3D2D300BD429D /* ViewController.swift */,
				AD024DB02AC428EE00833BFB /* UserListViewController.swift */,
				AD024DB22AC4292200833BFB /* UserDetailViewController.swift */,
				AD024DB42AC56B1600833BFB /* AlyciaViewController.swift */,
				AD1E12172AC3D2D300BD429D /* Main.storyboard */,
				AD1E121A2AC3D2D400BD429D /* Assets.xcassets */,
				AD1E121C2AC3D2D400BD429D /* LaunchScreen.storyboard */,
				AD1E121F2AC3D2D400BD429D /* Info.plist */,
			);
			path = AlyciaApp;
			sourceTree = "<group>";
		};
/* End PBXGroup section */

/* Begin PBXNativeTarget section */
		AD1E120D2AC3D2D300BD429D /* AlyciaApp */ = {
			isa = PBXNativeTarget;
			buildConfigurationList = AD1E12222AC3D2D400BD429D /* Build configuration list for PBXNativeTarget "AlyciaApp" */;
			buildPhases = (
				5C831AC4A6980F444DD86766 /* [CP] Check Pods Manifest.lock */,
				AD1E120A2AC3D2D300BD429D /* Sources */,
				AD1E120B2AC3D2D300BD429D /* Frameworks */,
				AD1E120C2AC3D2D300BD429D /* Resources */,
				CAC8264A4E09AC9AAADF0700 /* [CP] Embed Pods Frameworks */,
			);
			buildRules = (
			);
			dependencies = (
			);
			name = AlyciaApp;
			productName = AlyciaApp;
			productReference = AD1E120E2AC3D2D300BD429D /* AlyciaApp.app */;
			productType = "com.apple.product-type.application";
		};
/* End PBXNativeTarget section */

/* Begin PBXProject section */
		AD1E12062AC3D2D300BD429D /* Project object */ = {
			isa = PBXProject;
			attributes = {
				BuildIndependentTargetsInParallel = 1;
				LastSwiftUpdateCheck = 1420;
				LastUpgradeCheck = 1420;
				TargetAttributes = {
					AD1E120D2AC3D2D300BD429D = {
						CreatedOnToolsVersion = 14.2;
					};
				};
			};
			buildConfigurationList = AD1E12092AC3D2D300BD429D /* Build configuration list for PBXProject "AlyciaApp" */;
			compatibilityVersion = "Xcode 14.0";
			developmentRegion = en;
			hasScannedForEncodings = 0;
			knownRegions = (
				en,
				Base,
			);
			mainGroup = AD1E12052AC3D2D300BD429D;
			productRefGroup = AD1E120F2AC3D2D300BD429D /* Products */;
			projectDirPath = "";
			projectRoot = "";
			targets = (
				AD1E120D2AC3D2D300BD429D /* AlyciaApp */,
			);
		};
/* End PBXProject section */

/* Begin PBXResourcesBuildPhase section */
		AD1E120C2AC3D2D300BD429D /* Resources */ = {
			isa = PBXResourcesBuildPhase;
			buildActionMask = 2147483647;
			files = (
				AD1E121E2AC3D2D400BD429D /* LaunchScreen.storyboard in Resources */,
				AD1E121B2AC3D2D400BD429D /* Assets.xcassets in Resources */,
				AD1E12192AC3D2D300BD429D /* Main.storyboard in Resources */,
			);
			runOnlyForDeploymentPostprocessing = 0;
		};
/* End PBXResourcesBuildPhase section */

/* Begin PBXShellScriptBuildPhase section */
		5C831AC4A6980F444DD86766 /* [CP] Check Pods Manifest.lock */ = {
			isa = PBXShellScriptBuildPhase;
			buildActionMask = 2147483647;
			files = (
			);
			inputFileListPaths = (
			);
			inputPaths = (
				"${PODS_PODFILE_DIR_PATH}/Podfile.lock",
				"${PODS_ROOT}/Manifest.lock",
			);
			name = "[CP] Check Pods Manifest.lock";
			outputFileListPaths = (
			);
			outputPaths = (
				"$(DERIVED_FILE_DIR)/Pods-AlyciaApp-checkManifestLockResult.txt",
			);
			runOnlyForDeploymentPostprocessing = 0;
			shellPath = /bin/sh;
			shellScript = "diff \"${PODS_PODFILE_DIR_PATH}/Podfile.lock\" \"${PODS_ROOT}/Manifest.lock\" > /dev/null\nif [ $? != 0 ] ; then\n    # print error to STDERR\n    echo \"error: The sandbox is not in sync with the Podfile.lock. Run 'pod install' or update your CocoaPods installation.\" >&2\n    exit 1\nfi\n# This output is used by Xcode 'outputs' to avoid re-running this script phase.\necho \"SUCCESS\" > \"${SCRIPT_OUTPUT_FILE_0}\"\n";
			showEnvVarsInLog = 0;
		};
		CAC8264A4E09AC9AAADF0700 /* [CP] Embed Pods Frameworks */ = {
			isa = PBXShellScriptBuildPhase;
			buildActionMask = 2147483647;
			files = (
			);
			inputFileListPaths = (
				"${PODS_ROOT}/Target Support Files/Pods-AlyciaApp/Pods-AlyciaApp-frameworks-${CONFIGURATION}-input-files.xcfilelist",
			);
			name = "[CP] Embed Pods Frameworks";
			outputFileListPaths = (
				"${PODS_ROOT}/Target Support Files/Pods-AlyciaApp/Pods-AlyciaApp-frameworks-${CONFIGURATION}-output-files.xcfilelist",
			);
			runOnlyForDeploymentPostprocessing = 0;
			shellPath = /bin/sh;
			shellScript = "\"${PODS_ROOT}/Target Support Files/Pods-AlyciaApp/Pods-AlyciaApp-frameworks.sh\"\n";
			showEnvVarsInLog = 0;
		};
/* End PBXShellScriptBuildPhase section */

/* Begin PBXSourcesBuildPhase section */
		AD1E120A2AC3D2D300BD429D /* Sources */ = {
			isa = PBXSourcesBuildPhase;
			buildActionMask = 2147483647;
			files = (
				AD1E12162AC3D2D300BD429D /* ViewController.swift in Sources */,
				AD024DB32AC4292200833BFB /* UserDetailViewController.swift in Sources */,
				AD024DB12AC428EE00833BFB /* UserListViewController.swift in Sources */,
				AD1E12122AC3D2D300BD429D /* AppDelegate.swift in Sources */,
				AD1E12142AC3D2D300BD429D /* SceneDelegate.swift in Sources */,
				AD024DB52AC56B1600833BFB /* AlyciaViewController.swift in Sources */,
			);
			runOnlyForDeploymentPostprocessing = 0;
		};
/* End PBXSourcesBuildPhase section */

/* Begin PBXVariantGroup section */
		AD1E12172AC3D2D300BD429D /* Main.storyboard */ = {
			isa = PBXVariantGroup;
			children = (
				AD1E12182AC3D2D300BD429D /* Base */,
			);
			name = Main.storyboard;
			sourceTree = "<group>";
		};
		AD1E121C2AC3D2D400BD429D /* LaunchScreen.storyboard */ = {
			isa = PBXVariantGroup;
			children = (
				AD1E121D2AC3D2D400BD429D /* Base */,
			);
			name = LaunchScreen.storyboard;
			sourceTree = "<group>";
		};
/* End PBXVariantGroup section */

/* Begin XCBuildConfiguration section */
		AD1E12202AC3D2D400BD429D /* Debug */ = {
			isa = XCBuildConfiguration;
			buildSettings = {
				ALWAYS_SEARCH_USER_PATHS = NO;
				CLANG_ANALYZER_NONNULL = YES;
				CLANG_ANALYZER_NUMBER_OBJECT_CONVERSION = YES_AGGRESSIVE;
				CLANG_CXX_LANGUAGE_STANDARD = "gnu++20";
				CLANG_ENABLE_MODULES = YES;
				CLANG_ENABLE_OBJC_ARC = YES;
				CLANG_ENABLE_OBJC_WEAK = YES;
				CLANG_WARN_BLOCK_CAPTURE_AUTORELEASING = YES;
				CLANG_WARN_BOOL_CONVERSION = YES;
				CLANG_WARN_COMMA = YES;
				CLANG_WARN_CONSTANT_CONVERSION = YES;
				CLANG_WARN_DEPRECATED_OBJC_IMPLEMENTATIONS = YES;
				CLANG_WARN_DIRECT_OBJC_ISA_USAGE = YES_ERROR;
				CLANG_WARN_DOCUMENTATION_COMMENTS = YES;
				CLANG_WARN_EMPTY_BODY = YES;
				CLANG_WARN_ENUM_CONVERSION = YES;
				CLANG_WARN_INFINITE_RECURSION = YES;
				CLANG_WARN_INT_CONVERSION = YES;
				CLANG_WARN_NON_LITERAL_NULL_CONVERSION = YES;
				CLANG_WARN_OBJC_IMPLICIT_RETAIN_SELF = YES;
				CLANG_WARN_OBJC_LITERAL_CONVERSION = YES;
				CLANG_WARN_OBJC_ROOT_CLASS = YES_ERROR;
				CLANG_WARN_QUOTED_INCLUDE_IN_FRAMEWORK_HEADER = YES;
				CLANG_WARN_RANGE_LOOP_ANALYSIS = YES;
				CLANG_WARN_STRICT_PROTOTYPES = YES;
				CLANG_WARN_SUSPICIOUS_MOVE = YES;
				CLANG_WARN_UNGUARDED_AVAILABILITY = YES_AGGRESSIVE;
				CLANG_WARN_UNREACHABLE_CODE = YES;
				CLANG_WARN__DUPLICATE_METHOD_MATCH = YES;
				COPY_PHASE_STRIP = NO;
				DEBUG_INFORMATION_FORMAT = dwarf;
				ENABLE_STRICT_OBJC_MSGSEND = YES;
				ENABLE_TESTABILITY = YES;
				GCC_C_LANGUAGE_STANDARD = gnu11;
				GCC_DYNAMIC_NO_PIC = NO;
				GCC_NO_COMMON_BLOCKS = YES;
				GCC_OPTIMIZATION_LEVEL = 0;
				GCC_PREPROCESSOR_DEFINITIONS = (
					"DEBUG=1",
					"$(inherited)",
				);
				GCC_WARN_64_TO_32_BIT_CONVERSION = YES;
				GCC_WARN_ABOUT_RETURN_TYPE = YES_ERROR;
				GCC_WARN_UNDECLARED_SELECTOR = YES;
				GCC_WARN_UNINITIALIZED_AUTOS = YES_AGGRESSIVE;
				GCC_WARN_UNUSED_FUNCTION = YES;
				GCC_WARN_UNUSED_VARIABLE = YES;
				IPHONEOS_DEPLOYMENT_TARGET = 16.2;
				MTL_ENABLE_DEBUG_INFO = INCLUDE_SOURCE;
				MTL_FAST_MATH = YES;
				ONLY_ACTIVE_ARCH = YES;
				SDKROOT = iphoneos;
				SWIFT_ACTIVE_COMPILATION_CONDITIONS = DEBUG;
				SWIFT_OPTIMIZATION_LEVEL = "-Onone";
			};
			name = Debug;
		};
		AD1E12212AC3D2D400BD429D /* Release */ = {
			isa = XCBuildConfiguration;
			buildSettings = {
				ALWAYS_SEARCH_USER_PATHS = NO;
				CLANG_ANALYZER_NONNULL = YES;
				CLANG_ANALYZER_NUMBER_OBJECT_CONVERSION = YES_AGGRESSIVE;
				CLANG_CXX_LANGUAGE_STANDARD = "gnu++20";
				CLANG_ENABLE_MODULES = YES;
				CLANG_ENABLE_OBJC_ARC = YES;
				CLANG_ENABLE_OBJC_WEAK = YES;
				CLANG_WARN_BLOCK_CAPTURE_AUTORELEASING = YES;
				CLANG_WARN_BOOL_CONVERSION = YES;
				CLANG_WARN_COMMA = YES;
				CLANG_WARN_CONSTANT_CONVERSION = YES;
				CLANG_WARN_DEPRECATED_OBJC_IMPLEMENTATIONS = YES;
				CLANG_WARN_DIRECT_OBJC_ISA_USAGE = YES_ERROR;
				CLANG_WARN_DOCUMENTATION_COMMENTS = YES;
				CLANG_WARN_EMPTY_BODY = YES;
				CLANG_WARN_ENUM_CONVERSION = YES;
				CLANG_WARN_INFINITE_RECURSION = YES;
				CLANG_WARN_INT_CONVERSION = YES;
				CLANG_WARN_NON_LITERAL_NULL_CONVERSION = YES;
				CLANG_WARN_OBJC_IMPLICIT_RETAIN_SELF = YES;
				CLANG_WARN_OBJC_LITERAL_CONVERSION = YES;
				CLANG_WARN_OBJC_ROOT_CLASS = YES_ERROR;
				CLANG_WARN_QUOTED_INCLUDE_IN_FRAMEWORK_HEADER = YES;
				CLANG_WARN_RANGE_LOOP_ANALYSIS = YES;
				CLANG_WARN_STRICT_PROTOTYPES = YES;
				CLANG_WARN_SUSPICIOUS_MOVE = YES;
				CLANG_WARN_UNGUARDED_AVAILABILITY = YES_AGGRESSIVE;
				CLANG_WARN_UNREACHABLE_CODE = YES;
				CLANG_WARN__DUPLICATE_METHOD_MATCH = YES;
				COPY_PHASE_STRIP = NO;
				DEBUG_INFORMATION_FORMAT = "dwarf-with-dsym";
				ENABLE_NS_ASSERTIONS = NO;
				ENABLE_STRICT_OBJC_MSGSEND = YES;
				GCC_C_LANGUAGE_STANDARD = gnu11;
				GCC_NO_COMMON_BLOCKS = YES;
				GCC_WARN_64_TO_32_BIT_CONVERSION = YES;
				GCC_WARN_ABOUT_RETURN_TYPE = YES_ERROR;
				GCC_WARN_UNDECLARED_SELECTOR = YES;
				GCC_WARN_UNINITIALIZED_AUTOS = YES_AGGRESSIVE;
				GCC_WARN_UNUSED_FUNCTION = YES;
				GCC_WARN_UNUSED_VARIABLE = YES;
				IPHONEOS_DEPLOYMENT_TARGET = 16.2;
				MTL_ENABLE_DEBUG_INFO = NO;
				MTL_FAST_MATH = YES;
				SDKROOT = iphoneos;
				SWIFT_COMPILATION_MODE = wholemodule;
				SWIFT_OPTIMIZATION_LEVEL = "-O";
				VALIDATE_PRODUCT = YES;
			};
			name = Release;
		};
		AD1E12232AC3D2D400BD429D /* Debug */ = {
			isa = XCBuildConfiguration;
			baseConfigurationReference = 20AB3320B26C96C9225A5AC6 /* Pods-AlyciaApp.debug.xcconfig */;
			buildSettings = {
				ASSETCATALOG_COMPILER_APPICON_NAME = AppIcon;
				ASSETCATALOG_COMPILER_GLOBAL_ACCENT_COLOR_NAME = AccentColor;
				"CODE_SIGN_IDENTITY[sdk=iphoneos*]" = "iPhone Distribution";
				CODE_SIGN_STYLE = Manual;
				CURRENT_PROJECT_VERSION = 1;
				DEVELOPMENT_TEAM = "";
				"DEVELOPMENT_TEAM[sdk=iphoneos*]" = 778C5DKNBJ;
				GENERATE_INFOPLIST_FILE = YES;
				INFOPLIST_FILE = AlyciaApp/Info.plist;
				INFOPLIST_KEY_UIApplicationSupportsIndirectInputEvents = YES;
				INFOPLIST_KEY_UILaunchStoryboardName = LaunchScreen;
				INFOPLIST_KEY_UIMainStoryboardFile = Main;
				INFOPLIST_KEY_UISupportedInterfaceOrientations_iPad = "UIInterfaceOrientationPortrait UIInterfaceOrientationPortraitUpsideDown UIInterfaceOrientationLandscapeLeft UIInterfaceOrientationLandscapeRight";
				INFOPLIST_KEY_UISupportedInterfaceOrientations_iPhone = "UIInterfaceOrientationPortrait UIInterfaceOrientationLandscapeLeft UIInterfaceOrientationLandscapeRight";
				IPHONEOS_DEPLOYMENT_TARGET = 12.0;
				LD_RUNPATH_SEARCH_PATHS = (
					"$(inherited)",
					"@executable_path/Frameworks",
				);
				MARKETING_VERSION = 1.0;
				PRODUCT_BUNDLE_IDENTIFIER = itrealize.co.jp.AlyciaApp;
				PRODUCT_NAME = "$(TARGET_NAME)";
				PROVISIONING_PROFILE_SPECIFIER = "";
				"PROVISIONING_PROFILE_SPECIFIER[sdk=iphoneos*]" = "Wildcard Adhoc";
				SWIFT_EMIT_LOC_STRINGS = YES;
				SWIFT_VERSION = 5.0;
				TARGETED_DEVICE_FAMILY = "1,2";
			};
			name = Debug;
		};
		AD1E12242AC3D2D400BD429D /* Release */ = {
			isa = XCBuildConfiguration;
			baseConfigurationReference = 2623D89BCAD33316BED6B7BF /* Pods-AlyciaApp.release.xcconfig */;
			buildSettings = {
				ASSETCATALOG_COMPILER_APPICON_NAME = AppIcon;
				ASSETCATALOG_COMPILER_GLOBAL_ACCENT_COLOR_NAME = AccentColor;
				"CODE_SIGN_IDENTITY[sdk=iphoneos*]" = "iPhone Distribution";
				CODE_SIGN_STYLE = Manual;
				CURRENT_PROJECT_VERSION = 1;
				DEVELOPMENT_TEAM = "";
				"DEVELOPMENT_TEAM[sdk=iphoneos*]" = 778C5DKNBJ;
				GENERATE_INFOPLIST_FILE = YES;
				INFOPLIST_FILE = AlyciaApp/Info.plist;
				INFOPLIST_KEY_UIApplicationSupportsIndirectInputEvents = YES;
				INFOPLIST_KEY_UILaunchStoryboardName = LaunchScreen;
				INFOPLIST_KEY_UIMainStoryboardFile = Main;
				INFOPLIST_KEY_UISupportedInterfaceOrientations_iPad = "UIInterfaceOrientationPortrait UIInterfaceOrientationPortraitUpsideDown UIInterfaceOrientationLandscapeLeft UIInterfaceOrientationLandscapeRight";
				INFOPLIST_KEY_UISupportedInterfaceOrientations_iPhone = "UIInterfaceOrientationPortrait UIInterfaceOrientationLandscapeLeft UIInterfaceOrientationLandscapeRight";
				IPHONEOS_DEPLOYMENT_TARGET = 12.0;
				LD_RUNPATH_SEARCH_PATHS = (
					"$(inherited)",
					"@executable_path/Frameworks",
				);
				MARKETING_VERSION = 1.0;
				PRODUCT_BUNDLE_IDENTIFIER = itrealize.co.jp.AlyciaApp;
				PRODUCT_NAME = "$(TARGET_NAME)";
				PROVISIONING_PROFILE_SPECIFIER = "";
				"PROVISIONING_PROFILE_SPECIFIER[sdk=iphoneos*]" = "Wildcard Adhoc";
				SWIFT_EMIT_LOC_STRINGS = YES;
				SWIFT_VERSION = 5.0;
				TARGETED_DEVICE_FAMILY = "1,2";
			};
			name = Release;
		};
/* End XCBuildConfiguration section */

/* Begin XCConfigurationList section */
		AD1E12092AC3D2D300BD429D /* Build configuration list for PBXProject "AlyciaApp" */ = {
			isa = XCConfigurationList;
			buildConfigurations = (
				AD1E12202AC3D2D400BD429D /* Debug */,
				AD1E12212AC3D2D400BD429D /* Release */,
			);
			defaultConfigurationIsVisible = 0;
			defaultConfigurationName = Release;
		};
		AD1E12222AC3D2D400BD429D /* Build configuration list for PBXNativeTarget "AlyciaApp" */ = {
			isa = XCConfigurationList;
			buildConfigurations = (
				AD1E12232AC3D2D400BD429D /* Debug */,
				AD1E12242AC3D2D400BD429D /* Release */,
			);
			defaultConfigurationIsVisible = 0;
			defaultConfigurationName = Release;
		};
/* End XCConfigurationList section */
	};
	rootObject = AD1E12062AC3D2D300BD429D /* Project object */;
}
